
Microsoft Visual Studio Solution File, Format Version 12.00
# Visual Studio 15
VisualStudioVersion = 15.0.26206.0
MinimumVisualStudioVersion = 10.0.40219.1
Project("{FAE04EC0-301F-11D3-BF4B-00C04F79EFBC}") = "WinTest", "WinTest\WinTest.csproj", "{609227AC-69FB-43D6-8E44-9817D260C2D0}"
EndProject
Project("{FAE04EC0-301F-11D3-BF4B-00C04F79EFBC}") = "WpfTest", "WpfTest\WpfTest.csproj", "{EDC6DE6A-C1EA-4192-AB34-63E6F4E6A835}"
EndProject
Project("{FAE04EC0-301F-11D3-BF4B-00C04F79EFBC}") = "StickyWindowLibrary", "StickyWindowLibrary\StickyWindowLibrary.csproj", "{AF76FEA7-CD9D-4093-B617-BC9C44DE99C6}"
EndProject
Global
	GlobalSection(SolutionConfigurationPlatforms) = preSolution
		Debug|Any CPU = Debug|Any CPU
		Release|Any CPU = Release|Any CPU
	EndGlobalSection
	GlobalSection(ProjectConfigurationPlatforms) = postSolution
		{609227AC-69FB-43D6-8E44-9817D260C2D0}.Debug|Any CPU.ActiveCfg = Debug|Any CPU
		{609227AC-69FB-43D6-8E44-9817D260C2D0}.Debug|Any CPU.Build.0 = Debug|Any CPU
		{609227AC-69FB-43D6-8E44-9817D260C2D0}.Release|Any CPU.ActiveCfg = Release|Any CPU
		{609227AC-69FB-43D6-8E44-9817D260C2D0}.Release|Any CPU.Build.0 = Release|Any CPU
		{EDC6DE6A-C1EA-4192-AB34-63E6F4E6A835}.Debug|Any CPU.ActiveCfg = Debug|Any CPU
		{EDC6DE6A-C1EA-4192-AB34-63E6F4E6A835}.Debug|Any CPU.Build.0 = Debug|Any CPU
		{EDC6DE6A-C1EA-4192-AB34-63E6F4E6A835}.Release|Any CPU.ActiveCfg = Release|Any CPU
		{EDC6DE6A-C1EA-4192-AB34-63E6F4E6A835}.Release|Any CPU.Build.0 = Release|Any CPU
		{AF76FEA7-CD9D-4093-B617-BC9C44DE99C6}.Debug|Any CPU.ActiveCfg = Debug|Any CPU
		{AF76FEA7-CD9D-4093-B617-BC9C44DE99C6}.Debug|Any CPU.Build.0 = Debug|Any CPU
		{AF76FEA7-CD9D-4093-B617-BC9C44DE99C6}.Release|Any CPU.ActiveCfg = Release|Any CPU
		{AF76FEA7-CD9D-4093-B617-BC9C44DE99C6}.Release|Any CPU.Build.0 = Release|Any CPU
	EndGlobalSection
	GlobalSection(SolutionProperties) = preSolution
		HideSolutionNode = FALSE
	EndGlobalSection
EndGlobal
